# This file is autogenerated, do not edit; changes may be undone by the next 'dep ensure'.


[[projects]]
  branch = "master"
  digest = "1:6da51e5ec493ad2b44cb04129e2d0a068c8fb9bd6cb5739d199573558696bb94"
  name = "github.com/Azure/go-ansiterm"
  packages = [
    ".",
    "winterm",
  ]
  pruneopts = "UT"
  revision = "d6e3b3328b783f23731bc4d058875b0371ff8109"

[[projects]]
  digest = "1:d5e752c67b445baa5b6cb6f8aa706775c2aa8e41aca95a0c651520ff2c80361a"
  name = "github.com/Microsoft/go-winio"
  packages = [
    ".",
    "pkg/guid",
  ]
  pruneopts = "UT"
  revision = "6c72808b55902eae4c5943626030429ff20f3b63"
  version = "v0.4.14"

[[projects]]
  digest = "1:6a16b820c16f0587d63a3c462a9d787106f966adae5056aa430ebca18c7fba46"
  name = "github.com/Microsoft/hcsshim"
  packages = [
    ".",
    "internal/guestrequest",
    "internal/guid",
    "internal/hcs",
    "internal/hcserror",
    "internal/hns",
    "internal/interop",
    "internal/logfields",
    "internal/longpath",
    "internal/mergemaps",
    "internal/safefile",
    "internal/schema1",
    "internal/schema2",
    "internal/timeout",
    "internal/wclayer",
  ]
  pruneopts = "UT"
  revision = "f92b8fb9c92e17da496af5a69e3ee13fbe9916e1"
  version = "v0.8.6"

[[projects]]
  branch = "master"
  digest = "1:47ea4fbe2ab4aeb9808502c51e657041c2e49b36b83fc1c1a349135cdf16342f"
  name = "github.com/agl/ed25519"
  packages = [
    ".",
    "edwards25519",
  ]
  pruneopts = "UT"
  revision = "5312a61534124124185d41f09206b9fef1d88403"

[[projects]]
  digest = "1:d6afaeed1502aa28e80a4ed0981d570ad91b2579193404256ce672ed0a609e0d"
  name = "github.com/beorn7/perks"
  packages = ["quantile"]
  pruneopts = "UT"
  revision = "37c8de3658fcb183f997c4e13e8337516ab753e6"
  version = "v1.0.1"

[[projects]]
  digest = "1:578875595d05c8c2b81e6f3a243ceaa8c310a7d769637170723fcdce26ef8cff"
  name = "github.com/containerd/containerd"
  packages = [
    "content",
    "content/local",
    "errdefs",
    "filters",
    "images",
    "log",
    "platforms",
    "reference",
    "remotes",
    "remotes/docker",
    "sys",
  ]
  pruneopts = "UT"
  revision = "894b81a4b802e4eb2a91d1ce216b8817763c29fb"

[[projects]]
  branch = "master"
  digest = "1:b3175aa9299c7c81134df7cffce8c08d40021ee35fc81a513e88f77b83348e56"
  name = "github.com/containerd/continuity"
  packages = [
    ".",
    "devices",
    "driver",
    "pathdriver",
    "proto",
    "syscallx",
    "sysx",
  ]
  pruneopts = "UT"
  revision = "75bee3e2ccb6402e3a986ab8bd3b17003fc0fdec"

[[projects]]
  digest = "1:572c370bf45f46d2c7a3d3c6bb3f80b80396538722b843a1d35af2d0b33917ec"
  name = "github.com/deislabs/oras"
  packages = [
    "pkg/auth",
    "pkg/auth/docker",
    "pkg/content",
    "pkg/context",
    "pkg/oras",
  ]
  pruneopts = "UT"
  revision = "b285197778e05cd348abb8ff50faf0ef7e3554a2"
  version = "v0.6.0"

[[projects]]
  digest = "1:92ebc9c068ab8e3fff03a58694ee33830964f6febd0130069aadce328802de14"
  name = "github.com/docker/cli"
  packages = [
    "cli/config",
    "cli/config/configfile",
    "cli/config/credentials",
    "cli/config/types",
  ]
  pruneopts = "UT"
  revision = "2355349d8b99ea2c15bbdd7f1f203fa078e9bb4e"
  version = "v19.03.4"

[[projects]]
  digest = "1:5a687741d0f62f73b87c37ad70cf8efcd9d6a4c1c65c0989cc354ced624b4743"
  name = "github.com/docker/distribution"
  packages = [
    ".",
    "digestset",
    "metrics",
    "reference",
    "registry/api/errcode",
    "registry/api/v2",
    "registry/client",
    "registry/client/auth",
    "registry/client/auth/challenge",
    "registry/client/transport",
    "registry/storage/cache",
    "registry/storage/cache/memory",
    "uuid",
  ]
  pruneopts = "UT"
  revision = "2461543d988979529609e8cb6fca9ca190dc48da"
  version = "v2.7.1"

[[projects]]
  digest = "1:efa1ffae5c8d2f00f499708e7acfa16cd9d74b8e69f0f555765043321b523f50"
  name = "github.com/docker/docker"
  packages = [
    "api/types",
    "api/types/blkiodev",
    "api/types/container",
    "api/types/filters",
    "api/types/mount",
    "api/types/network",
    "api/types/registry",
    "api/types/strslice",
    "api/types/swarm",
    "api/types/swarm/runtime",
    "api/types/versions",
    "errdefs",
    "pkg/homedir",
    "pkg/idtools",
    "pkg/ioutils",
    "pkg/jsonmessage",
    "pkg/longpath",
    "pkg/mount",
    "pkg/stringid",
    "pkg/system",
    "pkg/tarsum",
    "pkg/term",
    "pkg/term/windows",
    "registry",
    "registry/resumable",
  ]
  pruneopts = "UT"
  revision = "8a43b7bb99cd1eedc3aca61fbc3ccfba6b75c209"

[[projects]]
  digest = "1:9f3f49b4e32d3da2dd6ed07cc568627b53cc80205c0dcf69f4091f027416cb60"
  name = "github.com/docker/docker-credential-helpers"
  packages = [
    "client",
    "credentials",
  ]
  pruneopts = "UT"
  revision = "54f0238b6bf101fc3ad3b34114cb5520beb562f5"
  version = "v0.6.3"

[[projects]]
  digest = "1:44fd27d0559326eb63ee0b7b5c80832c821761ff6d1b9cc4ad075783485a5837"
  name = "github.com/docker/go"
  packages = ["canonical/json"]
  pruneopts = "UT"
  revision = "62e5ec7cf43f795986ec658df7cb317255772993"
  version = "v1.5.1-1"

[[projects]]
  digest = "1:811c86996b1ca46729bad2724d4499014c4b9effd05ef8c71b852aad90deb0ce"
  name = "github.com/docker/go-connections"
  packages = [
    "nat",
    "sockets",
    "tlsconfig",
  ]
  pruneopts = "UT"
  revision = "7395e3f8aa162843a74ed6d48e79627d9792ac55"
  version = "v0.4.0"

[[projects]]
  digest = "1:9f1c706b956b58bbe2a420082dd47df25329a082ae873fdd43c175b09887cea8"
  name = "github.com/docker/go-metrics"
  packages = ["."]
  pruneopts = "UT"
  revision = "b619b3592b65de4f087d9f16863a7e6ff905973c"
  version = "v0.0.1"

[[projects]]
  digest = "1:e95ef557dc3120984bb66b385ae01b4bb8ff56bcde28e7b0d1beed0cccc4d69f"
  name = "github.com/docker/go-units"
  packages = ["."]
  pruneopts = "UT"
  revision = "519db1ee28dcc9fd2474ae59fca29a810482bfb1"
  version = "v0.4.0"

[[projects]]
  digest = "1:4caab6f14c6b9654ccb7d398791d1f71a2d4e693ea508d29659a173e1b2e644a"
  name = "github.com/gogo/protobuf"
  packages = ["proto"]
  pruneopts = "UT"
  revision = "5628607bb4c51c3157aacc3a50f0ab707582b805"
  version = "v1.3.1"

[[projects]]
  digest = "1:f5ce1529abc1204444ec73779f44f94e2fa8fcdb7aca3c355b0c95947e4005c6"
  name = "github.com/golang/protobuf"
  packages = [
    "proto",
    "ptypes",
    "ptypes/any",
    "ptypes/duration",
    "ptypes/timestamp",
  ]
  pruneopts = "UT"
  revision = "6c65a5562fc06764971b7c5d05c76c75e84bdbf7"
  version = "v1.3.2"

[[projects]]
  digest = "1:cbec35fe4d5a4fba369a656a8cd65e244ea2c743007d8f6c1ccb132acf9d1296"
  name = "github.com/gorilla/mux"
  packages = ["."]
  pruneopts = "UT"
  revision = "00bdffe0f3c77e27d2cf6f5c70232a2d3e4d9c15"
  version = "v1.7.3"

[[projects]]
  digest = "1:870d441fe217b8e689d7949fef6e43efbc787e50f200cb1e70dbca9204a1d6be"
  name = "github.com/inconshreveable/mousetrap"
  packages = ["."]
  pruneopts = "UT"
  revision = "76626ae9c91c4f2a10f34cad8ce83ea42c93bb75"
  version = "v1.0"

[[projects]]
  digest = "1:31e761d97c76151dde79e9d28964a812c46efc5baee4085b86f68f0c654450de"
  name = "github.com/konsorten/go-windows-terminal-sequences"
  packages = ["."]
  pruneopts = "UT"
  revision = "f55edac94c9bbba5d6182a4be46d86a2c9b5b50e"
  version = "v1.0.2"

[[projects]]
  digest = "1:ff5ebae34cfbf047d505ee150de27e60570e8c394b3b8fdbb720ff6ac71985fc"
  name = "github.com/matttproud/golang_protobuf_extensions"
  packages = ["pbutil"]
  pruneopts = "UT"
  revision = "c12348ce28de40eed0136aa2b644d0ee0650e56c"
  version = "v1.0.1"

[[projects]]
  digest = "1:4e6747259a47ce5cd9dc04bbaef87b8e061b32038f428c05db7179e5ec3e47ff"
  name = "github.com/miekg/pkcs11"
  packages = ["."]
  pruneopts = "UT"
  revision = "210dc1e16747c5ba98a03bcbcf728c38086ea357"
  version = "v1.0.3"

[[projects]]
  digest = "1:906eb1ca3c8455e447b99a45237b2b9615b665608fd07ad12cce847dd9a1ec43"
  name = "github.com/morikuni/aec"
  packages = ["."]
  pruneopts = "UT"
  revision = "39771216ff4c63d11f5e604076f9c45e8be1067b"
  version = "v1.0.0"

[[projects]]
  digest = "1:ee4d4af67d93cc7644157882329023ce9a7bcfce956a079069a9405521c7cc8d"
  name = "github.com/opencontainers/go-digest"
  packages = ["."]
  pruneopts = "UT"
  revision = "279bed98673dd5bef374d3b6e4b09e2af76183bf"
  version = "v1.0.0-rc1"

[[projects]]
  digest = "1:11db38d694c130c800d0aefb502fb02519e514dc53d9804ce51d1ad25ec27db6"
  name = "github.com/opencontainers/image-spec"
  packages = [
    "specs-go",
    "specs-go/v1",
  ]
  pruneopts = "UT"
  revision = "d60099175f88c47cd379c4738d158884749ed235"
  version = "v1.0.1"

[[projects]]
  digest = "1:1869683e323ebff2bdf8adcb560f82bf6f8d94019d35099e3403f7df12e9c07e"
  name = "github.com/opencontainers/runc"
  packages = [
    "libcontainer/system",
    "libcontainer/user",
  ]
  pruneopts = "UT"
  revision = "baf6536d6259209c3edfa2b22237af82942d3dfa"
  version = "v0.1.1"

[[projects]]
  digest = "1:cf31692c14422fa27c83a05292eb5cbe0fb2775972e8f1f8446a71549bd8980b"
  name = "github.com/pkg/errors"
  packages = ["."]
  pruneopts = "UT"
  revision = "ba968bfe8b2f7e042a574c888954fccecfa385b4"
  version = "v0.8.1"

[[projects]]
  digest = "1:eb04f69c8991e52eff33c428bd729e04208bf03235be88e4df0d88497c6861b9"
  name = "github.com/prometheus/client_golang"
  packages = [
    "prometheus",
    "prometheus/internal",
    "prometheus/promhttp",
  ]
  pruneopts = "UT"
  revision = "170205fb58decfd011f1550d4cfb737230d7ae4f"
  version = "v1.1.0"

[[projects]]
  branch = "master"
  digest = "1:2d5cd61daa5565187e1d96bae64dbbc6080dacf741448e9629c64fd93203b0d4"
  name = "github.com/prometheus/client_model"
  packages = ["go"]
  pruneopts = "UT"
  revision = "14fe0d1b01d4d5fc031dd4bec1823bd3ebbe8016"

[[projects]]
  digest = "1:f119e3205d3a1f0f19dbd7038eb37528e2c6f0933269dc344e305951fb87d632"
  name = "github.com/prometheus/common"
  packages = [
    "expfmt",
    "internal/bitbucket.org/ww/goautoneg",
    "model",
  ]
  pruneopts = "UT"
  revision = "287d3e634a1e550c9e463dd7e5a75a422c614505"
  version = "v0.7.0"

[[projects]]
  digest = "1:a210815b437763623ecca8eb91e6a0bf4f2d6773c5a6c9aec0e28f19e5fd6deb"
  name = "github.com/prometheus/procfs"
  packages = [
    ".",
    "internal/fs",
    "internal/util",
  ]
  pruneopts = "UT"
  revision = "499c85531f756d1129edd26485a5f73871eeb308"
  version = "v0.0.5"

[[projects]]
  digest = "1:04457f9f6f3ffc5fea48e71d62f2ca256637dee0a04d710288e27e05c8b41976"
  name = "github.com/sirupsen/logrus"
  packages = ["."]
  pruneopts = "UT"
  revision = "839c75faf7f98a33d445d181f3018b5c3409a45e"
  version = "v1.4.2"

[[projects]]
  digest = "1:e096613fb7cf34743d49af87d197663cfccd61876e2219853005a57baedfa562"
  name = "github.com/spf13/cobra"
  packages = ["."]
  pruneopts = "UT"
  revision = "f2b07da1e2c38d5f12845a4f607e2e1018cbb1f5"
  version = "v0.0.5"

[[projects]]
  digest = "1:524b71991fc7d9246cc7dc2d9e0886ccb97648091c63e30eef619e6862c955dd"
  name = "github.com/spf13/pflag"
  packages = ["."]
  pruneopts = "UT"
  revision = "2e9d26c8c37aae03e3f9d4e90b7116f5accb7cab"
  version = "v1.0.5"

[[projects]]
  digest = "1:3b65d4044b1331df2a369f8e75eef5972eb0c28a90159d25e317db2cee95a3b6"
  name = "github.com/theupdateframework/notary"
  packages = [
    ".",
    "client",
    "client/changelist",
    "cryptoservice",
    "passphrase",
    "storage",
    "trustmanager",
    "trustmanager/yubikey",
    "trustpinning",
    "tuf",
    "tuf/data",
    "tuf/signed",
    "tuf/utils",
    "tuf/validation",
  ]
  pruneopts = "UT"
  revision = "d6e1431feb32348e0650bf7551ac5cffd01d857b"
  version = "v0.6.1"

[[projects]]
  branch = "master"
  digest = "1:35ce874cf16f78a2da908ab28b0277497e36603d289db00d39da5200bc8ace08"
  name = "golang.org/x/crypto"
  packages = [
    "pbkdf2",
    "ssh/terminal",
  ]
  pruneopts = "UT"
  revision = "8986dd9e96cf0a6f74da406c005ba3df38527c04"

[[projects]]
  branch = "master"
  digest = "1:081604e98d8aa3c3576bf78566ba71e9d7ab484721461e14e38ff9a7b00acca7"
  name = "golang.org/x/net"
  packages = [
    "context/ctxhttp",
    "internal/socks",
    "proxy",
  ]
  pruneopts = "UT"
  revision = "0deb6923b6d97481cb43bc1043fe5b72a0143032"

[[projects]]
  branch = "master"
  digest = "1:b521f10a2d8fa85c04a8ef4e62f2d1e14d303599a55d64dabf9f5a02f84d35eb"
  name = "golang.org/x/sync"
  packages = ["errgroup"]
  pruneopts = "UT"
  revision = "cd5d95a43a6e21273425c7ae415d3df9ea832eeb"

[[projects]]
  branch = "master"
  digest = "1:2c482fc32bdcfc572ce8b9cc37a409ae8a24c604b0dde73301d8de05d2c1f3e7"
  name = "golang.org/x/sys"
  packages = [
    "unix",
    "windows",
  ]
  pruneopts = "UT"
  revision = "f43be2a4598cf3a47be9f94f0c28197ed9eae611"

[[projects]]
  branch = "master"
  digest = "1:583a0c80f5e3a9343d33aea4aead1e1afcc0043db66fdf961ddd1fe8cd3a4faf"
  name = "google.golang.org/genproto"
  packages = ["googleapis/rpc/status"]
  pruneopts = "UT"
  revision = "919d9bdd9fe6f1a5dd95ce5d5e4cdb8fd3c516d0"

[[projects]]
  digest = "1:dd9e017df31acd9cf78ad0df2c8a1132fb3f724ec9287240ee7306364130bafc"
  name = "google.golang.org/grpc"
  packages = [
    "codes",
    "connectivity",
    "grpclog",
    "internal",
    "status",
  ]
  pruneopts = "UT"
  revision = "f6d0f9ee430895e87ef1ceb5ac8f39725bafceef"
  version = "v1.24.0"

[solve-meta]
  analyzer-name = "dep"
  analyzer-version = 1
  input-imports = [
    "github.com/containerd/containerd/remotes",
    "github.com/containerd/containerd/remotes/docker",
    "github.com/deislabs/oras/pkg/auth/docker",
    "github.com/deislabs/oras/pkg/content",
    "github.com/deislabs/oras/pkg/context",
    "github.com/deislabs/oras/pkg/oras",
    "github.com/docker/cli/cli/config",
    "github.com/docker/cli/cli/config/types",
    "github.com/docker/distribution/registry/client/auth",
    "github.com/docker/distribution/registry/client/auth/challenge",
    "github.com/docker/distribution/registry/client/transport",
    "github.com/docker/go/canonical/json",
    "github.com/opencontainers/image-spec/specs-go/v1",
    "github.com/sirupsen/logrus",
    "github.com/spf13/cobra",
    "github.com/theupdateframework/notary",
    "github.com/theupdateframework/notary/client",
    "github.com/theupdateframework/notary/cryptoservice",
    "github.com/theupdateframework/notary/passphrase",
    "github.com/theupdateframework/notary/trustmanager",
    "github.com/theupdateframework/notary/trustpinning",
    "github.com/theupdateframework/notary/tuf/data",
    "github.com/theupdateframework/notary/tuf/utils",
  ]
  solver-name = "gps-cdcl"
  solver-version = 1
